
Microsoft Visual Studio Solution File, Format Version 12.00
# Visual Studio Version 17
VisualStudioVersion = 17.14.36301.6 d17.14
MinimumVisualStudioVersion = 10.0.40219.1
Project("{FAE04EC0-301F-11D3-BF4B-00C04F79EFBC}") = "Dat XNotes", "Dat XNotes\Dat XNotes.csproj", "{619A09BA-D4F7-4713-B24A-6B4FA7616CA3}"
EndProject
Global
	GlobalSection(SolutionConfigurationPlatforms) = preSolution
		Debug|Any CPU = Debug|Any CPU
		Release|Any CPU = Release|Any CPU
	EndGlobalSection
	GlobalSection(ProjectConfigurationPlatforms) = postSolution
		{619A09BA-D4F7-4713-B24A-6B4FA7616CA3}.Debug|Any CPU.ActiveCfg = Debug|Any CPU
		{619A09BA-D4F7-4713-B24A-6B4FA7616CA3}.Debug|Any CPU.Build.0 = Debug|Any CPU
		{619A09BA-D4F7-4713-B24A-6B4FA7616CA3}.Release|Any CPU.ActiveCfg = Release|Any CPU
		{619A09BA-D4F7-4713-B24A-6B4FA7616CA3}.Release|Any CPU.Build.0 = Release|Any CPU
	EndGlobalSection
	GlobalSection(SolutionProperties) = preSolution
		HideSolutionNode = FALSE
	EndGlobalSection
	GlobalSection(ExtensibilityGlobals) = postSolution
		SolutionGuid = {F30F1C9F-31F2-418B-A1F2-5EE0D4552A48}
	EndGlobalSection
EndGlobal
